
Microsoft Visual Studio Solution File, Format Version 12.00
# Visual Studio Version 16
VisualStudioVersion = 16.0.33130.400
MinimumVisualStudioVersion = 10.0.40219.1
Project("{FAE04EC0-301F-11D3-BF4B-00C04F79EFBC}") = "mvc12", "mvc12\mvc12.csproj", "{EA1EC943-BA69-42BF-AAA6-B1DFA2500530}"
EndProject
Global
	GlobalSection(SolutionConfigurationPlatforms) = preSolution
		Debug|Any CPU = Debug|Any CPU
		Release|Any CPU = Release|Any CPU
	EndGlobalSection
	GlobalSection(ProjectConfigurationPlatforms) = postSolution
		{EA1EC943-BA69-42BF-AAA6-B1DFA2500530}.Debug|Any CPU.ActiveCfg = Debug|Any CPU
		{EA1EC943-BA69-42BF-AAA6-B1DFA2500530}.Debug|Any CPU.Build.0 = Debug|Any CPU
		{EA1EC943-BA69-42BF-AAA6-B1DFA2500530}.Release|Any CPU.ActiveCfg = Release|Any CPU
		{EA1EC943-BA69-42BF-AAA6-B1DFA2500530}.Release|Any CPU.Build.0 = Release|Any CPU
	EndGlobalSection
	GlobalSection(SolutionProperties) = preSolution
		HideSolutionNode = FALSE
	EndGlobalSection
	GlobalSection(ExtensibilityGlobals) = postSolution
		SolutionGuid = {42755AC2-E222-452E-9575-14B6B4EC4558}
	EndGlobalSection
EndGlobal
