
Microsoft Visual Studio Solution File, Format Version 12.00
# Visual Studio Version 16
VisualStudioVersion = 16.0.33130.400
MinimumVisualStudioVersion = 10.0.40219.1
Project("{FAE04EC0-301F-11D3-BF4B-00C04F79EFBC}") = "WebApplication1", "WebApplication1\WebApplication1.csproj", "{4A9457A2-9246-4735-AE33-E610C9EFE1C7}"
EndProject
Global
	GlobalSection(SolutionConfigurationPlatforms) = preSolution
		Debug|Any CPU = Debug|Any CPU
		Release|Any CPU = Release|Any CPU
	EndGlobalSection
	GlobalSection(ProjectConfigurationPlatforms) = postSolution
		{4A9457A2-9246-4735-AE33-E610C9EFE1C7}.Debug|Any CPU.ActiveCfg = Debug|Any CPU
		{4A9457A2-9246-4735-AE33-E610C9EFE1C7}.Debug|Any CPU.Build.0 = Debug|Any CPU
		{4A9457A2-9246-4735-AE33-E610C9EFE1C7}.Release|Any CPU.ActiveCfg = Release|Any CPU
		{4A9457A2-9246-4735-AE33-E610C9EFE1C7}.Release|Any CPU.Build.0 = Release|Any CPU
	EndGlobalSection
	GlobalSection(SolutionProperties) = preSolution
		HideSolutionNode = FALSE
	EndGlobalSection
	GlobalSection(ExtensibilityGlobals) = postSolution
		SolutionGuid = {D7CE8516-9844-4107-B29A-889747BEA0DE}
	EndGlobalSection
EndGlobal
