
Microsoft Visual Studio Solution File, Format Version 12.00
# Visual Studio Version 16
VisualStudioVersion = 16.0.33130.400
MinimumVisualStudioVersion = 10.0.40219.1
Project("{FAE04EC0-301F-11D3-BF4B-00C04F79EFBC}") = "jQuery27", "jQuery27\jQuery27.csproj", "{79099682-056A-4FEA-8B88-BE9764E18F5E}"
EndProject
Global
	GlobalSection(SolutionConfigurationPlatforms) = preSolution
		Debug|Any CPU = Debug|Any CPU
		Release|Any CPU = Release|Any CPU
	EndGlobalSection
	GlobalSection(ProjectConfigurationPlatforms) = postSolution
		{79099682-056A-4FEA-8B88-BE9764E18F5E}.Debug|Any CPU.ActiveCfg = Debug|Any CPU
		{79099682-056A-4FEA-8B88-BE9764E18F5E}.Debug|Any CPU.Build.0 = Debug|Any CPU
		{79099682-056A-4FEA-8B88-BE9764E18F5E}.Release|Any CPU.ActiveCfg = Release|Any CPU
		{79099682-056A-4FEA-8B88-BE9764E18F5E}.Release|Any CPU.Build.0 = Release|Any CPU
	EndGlobalSection
	GlobalSection(SolutionProperties) = preSolution
		HideSolutionNode = FALSE
	EndGlobalSection
	GlobalSection(ExtensibilityGlobals) = postSolution
		SolutionGuid = {DCA3202C-CF7E-466F-A574-ACBFF090B0D2}
	EndGlobalSection
EndGlobal
