
Microsoft Visual Studio Solution File, Format Version 12.00
# Visual Studio Version 16
VisualStudioVersion = 16.0.33130.400
MinimumVisualStudioVersion = 10.0.40219.1
Project("{FAE04EC0-301F-11D3-BF4B-00C04F79EFBC}") = "example3", "example3\example3.csproj", "{64646065-273B-4855-9644-F6E98556216A}"
EndProject
Global
	GlobalSection(SolutionConfigurationPlatforms) = preSolution
		Debug|Any CPU = Debug|Any CPU
		Release|Any CPU = Release|Any CPU
	EndGlobalSection
	GlobalSection(ProjectConfigurationPlatforms) = postSolution
		{64646065-273B-4855-9644-F6E98556216A}.Debug|Any CPU.ActiveCfg = Debug|Any CPU
		{64646065-273B-4855-9644-F6E98556216A}.Debug|Any CPU.Build.0 = Debug|Any CPU
		{64646065-273B-4855-9644-F6E98556216A}.Release|Any CPU.ActiveCfg = Release|Any CPU
		{64646065-273B-4855-9644-F6E98556216A}.Release|Any CPU.Build.0 = Release|Any CPU
	EndGlobalSection
	GlobalSection(SolutionProperties) = preSolution
		HideSolutionNode = FALSE
	EndGlobalSection
	GlobalSection(ExtensibilityGlobals) = postSolution
		SolutionGuid = {17DB9B29-ECAB-499E-A5FE-76CCB74B681B}
	EndGlobalSection
EndGlobal
