
Microsoft Visual Studio Solution File, Format Version 12.00
# Visual Studio Version 16
VisualStudioVersion = 16.0.33130.400
MinimumVisualStudioVersion = 10.0.40219.1
Project("{FAE04EC0-301F-11D3-BF4B-00C04F79EFBC}") = "Partial page", "Partial page\Partial page.csproj", "{1C96F47B-0A35-49D5-BF1D-1CB69C205A66}"
EndProject
Global
	GlobalSection(SolutionConfigurationPlatforms) = preSolution
		Debug|Any CPU = Debug|Any CPU
		Release|Any CPU = Release|Any CPU
	EndGlobalSection
	GlobalSection(ProjectConfigurationPlatforms) = postSolution
		{1C96F47B-0A35-49D5-BF1D-1CB69C205A66}.Debug|Any CPU.ActiveCfg = Debug|Any CPU
		{1C96F47B-0A35-49D5-BF1D-1CB69C205A66}.Debug|Any CPU.Build.0 = Debug|Any CPU
		{1C96F47B-0A35-49D5-BF1D-1CB69C205A66}.Release|Any CPU.ActiveCfg = Release|Any CPU
		{1C96F47B-0A35-49D5-BF1D-1CB69C205A66}.Release|Any CPU.Build.0 = Release|Any CPU
	EndGlobalSection
	GlobalSection(SolutionProperties) = preSolution
		HideSolutionNode = FALSE
	EndGlobalSection
	GlobalSection(ExtensibilityGlobals) = postSolution
		SolutionGuid = {FF0ED52F-E2DA-4716-84D8-7290E507B9CD}
	EndGlobalSection
EndGlobal
