
Microsoft Visual Studio Solution File, Format Version 12.00
# Visual Studio Version 16
VisualStudioVersion = 16.0.33130.400
MinimumVisualStudioVersion = 10.0.40219.1
Project("{FAE04EC0-301F-11D3-BF4B-00C04F79EFBC}") = "ex25", "ex25\ex25.csproj", "{69F24C84-4FD9-4B7D-ABE9-62C5874A5AC2}"
EndProject
Global
	GlobalSection(SolutionConfigurationPlatforms) = preSolution
		Debug|Any CPU = Debug|Any CPU
		Release|Any CPU = Release|Any CPU
	EndGlobalSection
	GlobalSection(ProjectConfigurationPlatforms) = postSolution
		{69F24C84-4FD9-4B7D-ABE9-62C5874A5AC2}.Debug|Any CPU.ActiveCfg = Debug|Any CPU
		{69F24C84-4FD9-4B7D-ABE9-62C5874A5AC2}.Debug|Any CPU.Build.0 = Debug|Any CPU
		{69F24C84-4FD9-4B7D-ABE9-62C5874A5AC2}.Release|Any CPU.ActiveCfg = Release|Any CPU
		{69F24C84-4FD9-4B7D-ABE9-62C5874A5AC2}.Release|Any CPU.Build.0 = Release|Any CPU
	EndGlobalSection
	GlobalSection(SolutionProperties) = preSolution
		HideSolutionNode = FALSE
	EndGlobalSection
	GlobalSection(ExtensibilityGlobals) = postSolution
		SolutionGuid = {D0CC7E87-3F76-40CA-925C-75C928F513B9}
	EndGlobalSection
EndGlobal
