
Microsoft Visual Studio Solution File, Format Version 12.00
# Visual Studio Version 16
VisualStudioVersion = 16.0.33130.400
MinimumVisualStudioVersion = 10.0.40219.1
Project("{FAE04EC0-301F-11D3-BF4B-00C04F79EFBC}") = "mvc5", "mvc5\mvc5.csproj", "{8D7C2BDE-1955-40CE-B921-89D0D55D3E9F}"
EndProject
Global
	GlobalSection(SolutionConfigurationPlatforms) = preSolution
		Debug|Any CPU = Debug|Any CPU
		Release|Any CPU = Release|Any CPU
	EndGlobalSection
	GlobalSection(ProjectConfigurationPlatforms) = postSolution
		{8D7C2BDE-1955-40CE-B921-89D0D55D3E9F}.Debug|Any CPU.ActiveCfg = Debug|Any CPU
		{8D7C2BDE-1955-40CE-B921-89D0D55D3E9F}.Debug|Any CPU.Build.0 = Debug|Any CPU
		{8D7C2BDE-1955-40CE-B921-89D0D55D3E9F}.Release|Any CPU.ActiveCfg = Release|Any CPU
		{8D7C2BDE-1955-40CE-B921-89D0D55D3E9F}.Release|Any CPU.Build.0 = Release|Any CPU
	EndGlobalSection
	GlobalSection(SolutionProperties) = preSolution
		HideSolutionNode = FALSE
	EndGlobalSection
	GlobalSection(ExtensibilityGlobals) = postSolution
		SolutionGuid = {95FC2CB8-A152-433D-AE5A-B9E1AE7F3AEF}
	EndGlobalSection
EndGlobal
